// !$*UTF8*$!
{
	archiveVersion = 1;
	classes = {
	};
	objectVersion = 50;
	objects = {

/* Begin PBXBuildFile section */
		F122D9942133FCE0008B4A78 /* AppDelegate.swift in Sources */ = {isa = PBXBuildFile; fileRef = F122D9932133FCE0008B4A78 /* AppDelegate.swift */; };
		F122D9962133FCE0008B4A78 /* ViewController.swift in Sources */ = {isa = PBXBuildFile; fileRef = F122D9952133FCE0008B4A78 /* ViewController.swift */; };
		F122D9992133FCE0008B4A78 /* Main.storyboard in Resources */ = {isa = PBXBuildFile; fileRef = F122D9972133FCE0008B4A78 /* Main.storyboard */; };
		F122D99B2133FCE2008B4A78 /* Assets.xcassets in Resources */ = {isa = PBXBuildFile; fileRef = F122D99A2133FCE2008B4A78 /* Assets.xcassets */; };
		F122D99E2133FCE2008B4A78 /* LaunchScreen.storyboard in Resources */ = {isa = PBXBuildFile; fileRef = F122D99C2133FCE2008B4A78 /* LaunchScreen.storyboard */; };
		F122D9A32133FCE2008B4A78 /* Summon WatchKit App.app in Embed Watch Content */ = {isa = PBXBuildFile; fileRef = F122D9A22133FCE2008B4A78 /* Summon WatchKit App.app */; };
		F122D9A92133FCE2008B4A78 /* Interface.storyboard in Resources */ = {isa = PBXBuildFile; fileRef = F122D9A72133FCE2008B4A78 /* Interface.storyboard */; };
		F122D9AB2133FCE3008B4A78 /* Assets.xcassets in Resources */ = {isa = PBXBuildFile; fileRef = F122D9AA2133FCE3008B4A78 /* Assets.xcassets */; };
		F122D9B22133FCE3008B4A78 /* Summon WatchKit Extension.appex in Embed App Extensions */ = {isa = PBXBuildFile; fileRef = F122D9B12133FCE3008B4A78 /* Summon WatchKit Extension.appex */; settings = {ATTRIBUTES = (RemoveHeadersOnCopy, ); }; };
		F122D9B72133FCE3008B4A78 /* InterfaceController.swift in Sources */ = {isa = PBXBuildFile; fileRef = F122D9B62133FCE3008B4A78 /* InterfaceController.swift */; };
		F122D9B92133FCE3008B4A78 /* ExtensionDelegate.swift in Sources */ = {isa = PBXBuildFile; fileRef = F122D9B82133FCE3008B4A78 /* ExtensionDelegate.swift */; };
		F122D9BB2133FCE3008B4A78 /* NotificationController.swift in Sources */ = {isa = PBXBuildFile; fileRef = F122D9BA2133FCE3008B4A78 /* NotificationController.swift */; };
		F122D9BD2133FCE4008B4A78 /* Assets.xcassets in Resources */ = {isa = PBXBuildFile; fileRef = F122D9BC2133FCE4008B4A78 /* Assets.xcassets */; };
/* End PBXBuildFile section */

/* Begin PBXContainerItemProxy section */
		F122D9A42133FCE2008B4A78 /* PBXContainerItemProxy */ = {
			isa = PBXContainerItemProxy;
			containerPortal = F122D9882133FCE0008B4A78 /* Project object */;
			proxyType = 1;
			remoteGlobalIDString = F122D9A12133FCE2008B4A78;
			remoteInfo = "Summon WatchKit App";
		};
		F122D9B32133FCE3008B4A78 /* PBXContainerItemProxy */ = {
			isa = PBXContainerItemProxy;
			containerPortal = F122D9882133FCE0008B4A78 /* Project object */;
			proxyType = 1;
			remoteGlobalIDString = F122D9B02133FCE3008B4A78;
			remoteInfo = "Summon WatchKit Extension";
		};
/* End PBXContainerItemProxy section */

/* Begin PBXCopyFilesBuildPhase section */
		F122D9C52133FCE4008B4A78 /* Embed App Extensions */ = {
			isa = PBXCopyFilesBuildPhase;
			buildActionMask = 2147483647;
			dstPath = "";
			dstSubfolderSpec = 13;
			files = (
				F122D9B22133FCE3008B4A78 /* Summon WatchKit Extension.appex in Embed App Extensions */,
			);
			name = "Embed App Extensions";
			runOnlyForDeploymentPostprocessing = 0;
		};
		F122D9C92133FCE4008B4A78 /* Embed Watch Content */ = {
			isa = PBXCopyFilesBuildPhase;
			buildActionMask = 2147483647;
			dstPath = "$(CONTENTS_FOLDER_PATH)/Watch";
			dstSubfolderSpec = 16;
			files = (
				F122D9A32133FCE2008B4A78 /* Summon WatchKit App.app in Embed Watch Content */,
			);
			name = "Embed Watch Content";
			runOnlyForDeploymentPostprocessing = 0;
		};
/* End PBXCopyFilesBuildPhase section */

/* Begin PBXFileReference section */
		F122D9902133FCE0008B4A78 /* Summon.app */ = {isa = PBXFileReference; explicitFileType = wrapper.application; includeInIndex = 0; path = Summon.app; sourceTree = BUILT_PRODUCTS_DIR; };
		F122D9932133FCE0008B4A78 /* AppDelegate.swift */ = {isa = PBXFileReference; lastKnownFileType = sourcecode.swift; path = AppDelegate.swift; sourceTree = "<group>"; };
		F122D9952133FCE0008B4A78 /* ViewController.swift */ = {isa = PBXFileReference; lastKnownFileType = sourcecode.swift; path = ViewController.swift; sourceTree = "<group>"; };
		F122D9982133FCE0008B4A78 /* Base */ = {isa = PBXFileReference; lastKnownFileType = file.storyboard; name = Base; path = Base.lproj/Main.storyboard; sourceTree = "<group>"; };
		F122D99A2133FCE2008B4A78 /* Assets.xcassets */ = {isa = PBXFileReference; lastKnownFileType = folder.assetcatalog; path = Assets.xcassets; sourceTree = "<group>"; };
		F122D99D2133FCE2008B4A78 /* Base */ = {isa = PBXFileReference; lastKnownFileType = file.storyboard; name = Base; path = Base.lproj/LaunchScreen.storyboard; sourceTree = "<group>"; };
		F122D99F2133FCE2008B4A78 /* Info.plist */ = {isa = PBXFileReference; lastKnownFileType = text.plist.xml; path = Info.plist; sourceTree = "<group>"; };
		F122D9A22133FCE2008B4A78 /* Summon WatchKit App.app */ = {isa = PBXFileReference; explicitFileType = wrapper.application; includeInIndex = 0; path = "Summon WatchKit App.app"; sourceTree = BUILT_PRODUCTS_DIR; };
		F122D9A82133FCE2008B4A78 /* Base */ = {isa = PBXFileReference; lastKnownFileType = file.storyboard; name = Base; path = Base.lproj/Interface.storyboard; sourceTree = "<group>"; };
		F122D9AA2133FCE3008B4A78 /* Assets.xcassets */ = {isa = PBXFileReference; lastKnownFileType = folder.assetcatalog; path = Assets.xcassets; sourceTree = "<group>"; };
		F122D9AC2133FCE3008B4A78 /* Info.plist */ = {isa = PBXFileReference; lastKnownFileType = text.plist.xml; path = Info.plist; sourceTree = "<group>"; };
		F122D9B12133FCE3008B4A78 /* Summon WatchKit Extension.appex */ = {isa = PBXFileReference; explicitFileType = "wrapper.app-extension"; includeInIndex = 0; path = "Summon WatchKit Extension.appex"; sourceTree = BUILT_PRODUCTS_DIR; };
		F122D9B62133FCE3008B4A78 /* InterfaceController.swift */ = {isa = PBXFileReference; lastKnownFileType = sourcecode.swift; path = InterfaceController.swift; sourceTree = "<group>"; };
		F122D9B82133FCE3008B4A78 /* ExtensionDelegate.swift */ = {isa = PBXFileReference; lastKnownFileType = sourcecode.swift; path = ExtensionDelegate.swift; sourceTree = "<group>"; };
		F122D9BA2133FCE3008B4A78 /* NotificationController.swift */ = {isa = PBXFileReference; lastKnownFileType = sourcecode.swift; path = NotificationController.swift; sourceTree = "<group>"; };
		F122D9BC2133FCE4008B4A78 /* Assets.xcassets */ = {isa = PBXFileReference; lastKnownFileType = folder.assetcatalog; path = Assets.xcassets; sourceTree = "<group>"; };
		F122D9BE2133FCE4008B4A78 /* Info.plist */ = {isa = PBXFileReference; lastKnownFileType = text.plist.xml; path = Info.plist; sourceTree = "<group>"; };
		F122D9BF2133FCE4008B4A78 /* PushNotificationPayload.apns */ = {isa = PBXFileReference; lastKnownFileType = text; path = PushNotificationPayload.apns; sourceTree = "<group>"; };
/* End PBXFileReference section */

/* Begin PBXFrameworksBuildPhase section */
		F122D98D2133FCE0008B4A78 /* Frameworks */ = {
			isa = PBXFrameworksBuildPhase;
			buildActionMask = 2147483647;
			files = (
			);
			runOnlyForDeploymentPostprocessing = 0;
		};
		F122D9AE2133FCE3008B4A78 /* Frameworks */ = {
			isa = PBXFrameworksBuildPhase;
			buildActionMask = 2147483647;
			files = (
			);
			runOnlyForDeploymentPostprocessing = 0;
		};
/* End PBXFrameworksBuildPhase section */

/* Begin PBXGroup section */
		F122D9872133FCE0008B4A78 = {
			isa = PBXGroup;
			children = (
				F122D9922133FCE0008B4A78 /* Summon */,
				F122D9A62133FCE2008B4A78 /* Summon WatchKit App */,
				F122D9B52133FCE3008B4A78 /* Summon WatchKit Extension */,
				F122D9912133FCE0008B4A78 /* Products */,
			);
			sourceTree = "<group>";
		};
		F122D9912133FCE0008B4A78 /* Products */ = {
			isa = PBXGroup;
			children = (
				F122D9902133FCE0008B4A78 /* Summon.app */,
				F122D9A22133FCE2008B4A78 /* Summon WatchKit App.app */,
				F122D9B12133FCE3008B4A78 /* Summon WatchKit Extension.appex */,
			);
			name = Products;
			sourceTree = "<group>";
		};
		F122D9922133FCE0008B4A78 /* Summon */ = {
			isa = PBXGroup;
			children = (
				F122D9932133FCE0008B4A78 /* AppDelegate.swift */,
				F122D9952133FCE0008B4A78 /* ViewController.swift */,
				F122D9972133FCE0008B4A78 /* Main.storyboard */,
				F122D99A2133FCE2008B4A78 /* Assets.xcassets */,
				F122D99C2133FCE2008B4A78 /* LaunchScreen.storyboard */,
				F122D99F2133FCE2008B4A78 /* Info.plist */,
			);
			path = Summon;
			sourceTree = "<group>";
		};
		F122D9A62133FCE2008B4A78 /* Summon WatchKit App */ = {
			isa = PBXGroup;
			children = (
				F122D9A72133FCE2008B4A78 /* Interface.storyboard */,
				F122D9AA2133FCE3008B4A78 /* Assets.xcassets */,
				F122D9AC2133FCE3008B4A78 /* Info.plist */,
			);
			path = "Summon WatchKit App";
			sourceTree = "<group>";
		};
		F122D9B52133FCE3008B4A78 /* Summon WatchKit Extension */ = {
			isa = PBXGroup;
			children = (
				F122D9B62133FCE3008B4A78 /* InterfaceController.swift */,
				F122D9B82133FCE3008B4A78 /* ExtensionDelegate.swift */,
				F122D9BA2133FCE3008B4A78 /* NotificationController.swift */,
				F122D9BC2133FCE4008B4A78 /* Assets.xcassets */,
				F122D9BE2133FCE4008B4A78 /* Info.plist */,
				F122D9BF2133FCE4008B4A78 /* PushNotificationPayload.apns */,
			);
			path = "Summon WatchKit Extension";
			sourceTree = "<group>";
		};
/* End PBXGroup section */

/* Begin PBXNativeTarget section */
		F122D98F2133FCE0008B4A78 /* Summon */ = {
			isa = PBXNativeTarget;
			buildConfigurationList = F122D9CA2133FCE4008B4A78 /* Build configuration list for PBXNativeTarget "Summon" */;
			buildPhases = (
				F122D98C2133FCE0008B4A78 /* Sources */,
				F122D98D2133FCE0008B4A78 /* Frameworks */,
				F122D98E2133FCE0008B4A78 /* Resources */,
				F122D9C92133FCE4008B4A78 /* Embed Watch Content */,
			);
			buildRules = (
			);
			dependencies = (
				F122D9A52133FCE2008B4A78 /* PBXTargetDependency */,
			);
			name = Summon;
			productName = Summon;
			productReference = F122D9902133FCE0008B4A78 /* Summon.app */;
			productType = "com.apple.product-type.application";
		};
		F122D9A12133FCE2008B4A78 /* Summon WatchKit App */ = {
			isa = PBXNativeTarget;
			buildConfigurationList = F122D9C62133FCE4008B4A78 /* Build configuration list for PBXNativeTarget "Summon WatchKit App" */;
			buildPhases = (
				F122D9A02133FCE2008B4A78 /* Resources */,
				F122D9C52133FCE4008B4A78 /* Embed App Extensions */,
			);
			buildRules = (
			);
			dependencies = (
				F122D9B42133FCE3008B4A78 /* PBXTargetDependency */,
			);
			name = "Summon WatchKit App";
			productName = "Summon WatchKit App";
			productReference = F122D9A22133FCE2008B4A78 /* Summon WatchKit App.app */;
			productType = "com.apple.product-type.application.watchapp2";
		};
		F122D9B02133FCE3008B4A78 /* Summon WatchKit Extension */ = {
			isa = PBXNativeTarget;
			buildConfigurationList = F122D9C22133FCE4008B4A78 /* Build configuration list for PBXNativeTarget "Summon WatchKit Extension" */;
			buildPhases = (
				F122D9AD2133FCE3008B4A78 /* Sources */,
				F122D9AE2133FCE3008B4A78 /* Frameworks */,
				F122D9AF2133FCE3008B4A78 /* Resources */,
			);
			buildRules = (
			);
			dependencies = (
			);
			name = "Summon WatchKit Extension";
			productName = "Summon WatchKit Extension";
			productReference = F122D9B12133FCE3008B4A78 /* Summon WatchKit Extension.appex */;
			productType = "com.apple.product-type.watchkit2-extension";
		};
/* End PBXNativeTarget section */

/* Begin PBXProject section */
		F122D9882133FCE0008B4A78 /* Project object */ = {
			isa = PBXProject;
			attributes = {
				LastSwiftUpdateCheck = 0940;
				LastUpgradeCheck = 0940;
				ORGANIZATIONNAME = eon;
				TargetAttributes = {
					F122D98F2133FCE0008B4A78 = {
						CreatedOnToolsVersion = 9.4.1;
					};
					F122D9A12133FCE2008B4A78 = {
						CreatedOnToolsVersion = 9.4.1;
					};
					F122D9B02133FCE3008B4A78 = {
						CreatedOnToolsVersion = 9.4.1;
					};
				};
			};
			buildConfigurationList = F122D98B2133FCE0008B4A78 /* Build configuration list for PBXProject "Summon" */;
			compatibilityVersion = "Xcode 9.3";
			developmentRegion = en;
			hasScannedForEncodings = 0;
			knownRegions = (
				en,
				Base,
			);
			mainGroup = F122D9872133FCE0008B4A78;
			productRefGroup = F122D9912133FCE0008B4A78 /* Products */;
			projectDirPath = "";
			projectRoot = "";
			targets = (
				F122D98F2133FCE0008B4A78 /* Summon */,
				F122D9A12133FCE2008B4A78 /* Summon WatchKit App */,
				F122D9B02133FCE3008B4A78 /* Summon WatchKit Extension */,
			);
		};
/* End PBXProject section */

/* Begin PBXResourcesBuildPhase section */
		F122D98E2133FCE0008B4A78 /* Resources */ = {
			isa = PBXResourcesBuildPhase;
			buildActionMask = 2147483647;
			files = (
				F122D99E2133FCE2008B4A78 /* LaunchScreen.storyboard in Resources */,
				F122D99B2133FCE2008B4A78 /* Assets.xcassets in Resources */,
				F122D9992133FCE0008B4A78 /* Main.storyboard in Resources */,
			);
			runOnlyForDeploymentPostprocessing = 0;
		};
		F122D9A02133FCE2008B4A78 /* Resources */ = {
			isa = PBXResourcesBuildPhase;
			buildActionMask = 2147483647;
			files = (
				F122D9AB2133FCE3008B4A78 /* Assets.xcassets in Resources */,
				F122D9A92133FCE2008B4A78 /* Interface.storyboard in Resources */,
			);
			runOnlyForDeploymentPostprocessing = 0;
		};
		F122D9AF2133FCE3008B4A78 /* Resources */ = {
			isa = PBXResourcesBuildPhase;
			buildActionMask = 2147483647;
			files = (
				F122D9BD2133FCE4008B4A78 /* Assets.xcassets in Resources */,
			);
			runOnlyForDeploymentPostprocessing = 0;
		};
/* End PBXResourcesBuildPhase section */

/* Begin PBXSourcesBuildPhase section */
		F122D98C2133FCE0008B4A78 /* Sources */ = {
			isa = PBXSourcesBuildPhase;
			buildActionMask = 2147483647;
			files = (
				F122D9962133FCE0008B4A78 /* ViewController.swift in Sources */,
				F122D9942133FCE0008B4A78 /* AppDelegate.swift in Sources */,
			);
			runOnlyForDeploymentPostprocessing = 0;
		};
		F122D9AD2133FCE3008B4A78 /* Sources */ = {
			isa = PBXSourcesBuildPhase;
			buildActionMask = 2147483647;
			files = (
				F122D9BB2133FCE3008B4A78 /* NotificationController.swift in Sources */,
				F122D9B92133FCE3008B4A78 /* ExtensionDelegate.swift in Sources */,
				F122D9B72133FCE3008B4A78 /* InterfaceController.swift in Sources */,
			);
			runOnlyForDeploymentPostprocessing = 0;
		};
/* End PBXSourcesBuildPhase section */

/* Begin PBXTargetDependency section */
		F122D9A52133FCE2008B4A78 /* PBXTargetDependency */ = {
			isa = PBXTargetDependency;
			target = F122D9A12133FCE2008B4A78 /* Summon WatchKit App */;
			targetProxy = F122D9A42133FCE2008B4A78 /* PBXContainerItemProxy */;
		};
		F122D9B42133FCE3008B4A78 /* PBXTargetDependency */ = {
			isa = PBXTargetDependency;
			target = F122D9B02133FCE3008B4A78 /* Summon WatchKit Extension */;
			targetProxy = F122D9B32133FCE3008B4A78 /* PBXContainerItemProxy */;
		};
/* End PBXTargetDependency section */

/* Begin PBXVariantGroup section */
		F122D9972133FCE0008B4A78 /* Main.storyboard */ = {
			isa = PBXVariantGroup;
			children = (
				F122D9982133FCE0008B4A78 /* Base */,
			);
			name = Main.storyboard;
			sourceTree = "<group>";
		};
		F122D99C2133FCE2008B4A78 /* LaunchScreen.storyboard */ = {
			isa = PBXVariantGroup;
			children = (
				F122D99D2133FCE2008B4A78 /* Base */,
			);
			name = LaunchScreen.storyboard;
			sourceTree = "<group>";
		};
		F122D9A72133FCE2008B4A78 /* Interface.storyboard */ = {
			isa = PBXVariantGroup;
			children = (
				F122D9A82133FCE2008B4A78 /* Base */,
			);
			name = Interface.storyboard;
			sourceTree = "<group>";
		};
/* End PBXVariantGroup section */

/* Begin XCBuildConfiguration section */
		F122D9C02133FCE4008B4A78 /* Debug */ = {
			isa = XCBuildConfiguration;
			buildSettings = {
				ALWAYS_SEARCH_USER_PATHS = NO;
				CLANG_ANALYZER_NONNULL = YES;
				CLANG_ANALYZER_NUMBER_OBJECT_CONVERSION = YES_AGGRESSIVE;
				CLANG_CXX_LANGUAGE_STANDARD = "gnu++14";
				CLANG_CXX_LIBRARY = "libc++";
				CLANG_ENABLE_MODULES = YES;
				CLANG_ENABLE_OBJC_ARC = YES;
				CLANG_ENABLE_OBJC_WEAK = YES;
				CLANG_WARN_BLOCK_CAPTURE_AUTORELEASING = YES;
				CLANG_WARN_BOOL_CONVERSION = YES;
				CLANG_WARN_COMMA = YES;
				CLANG_WARN_CONSTANT_CONVERSION = YES;
				CLANG_WARN_DEPRECATED_OBJC_IMPLEMENTATIONS = YES;
				CLANG_WARN_DIRECT_OBJC_ISA_USAGE = YES_ERROR;
				CLANG_WARN_DOCUMENTATION_COMMENTS = YES;
				CLANG_WARN_EMPTY_BODY = YES;
				CLANG_WARN_ENUM_CONVERSION = YES;
				CLANG_WARN_INFINITE_RECURSION = YES;
				CLANG_WARN_INT_CONVERSION = YES;
				CLANG_WARN_NON_LITERAL_NULL_CONVERSION = YES;
				CLANG_WARN_OBJC_IMPLICIT_RETAIN_SELF = YES;
				CLANG_WARN_OBJC_LITERAL_CONVERSION = YES;
				CLANG_WARN_OBJC_ROOT_CLASS = YES_ERROR;
				CLANG_WARN_RANGE_LOOP_ANALYSIS = YES;
				CLANG_WARN_STRICT_PROTOTYPES = YES;
				CLANG_WARN_SUSPICIOUS_MOVE = YES;
				CLANG_WARN_UNGUARDED_AVAILABILITY = YES_AGGRESSIVE;
				CLANG_WARN_UNREACHABLE_CODE = YES;
				CLANG_WARN__DUPLICATE_METHOD_MATCH = YES;
				CODE_SIGN_IDENTITY = "iPhone Developer";
				COPY_PHASE_STRIP = NO;
				DEBUG_INFORMATION_FORMAT = dwarf;
				ENABLE_STRICT_OBJC_MSGSEND = YES;
				ENABLE_TESTABILITY = YES;
				GCC_C_LANGUAGE_STANDARD = gnu11;
				GCC_DYNAMIC_NO_PIC = NO;
				GCC_NO_COMMON_BLOCKS = YES;
				GCC_OPTIMIZATION_LEVEL = 0;
				GCC_PREPROCESSOR_DEFINITIONS = (
					"DEBUG=1",
					"$(inherited)",
				);
				GCC_WARN_64_TO_32_BIT_CONVERSION = YES;
				GCC_WARN_ABOUT_RETURN_TYPE = YES_ERROR;
				GCC_WARN_UNDECLARED_SELECTOR = YES;
				GCC_WARN_UNINITIALIZED_AUTOS = YES_AGGRESSIVE;
				GCC_WARN_UNUSED_FUNCTION = YES;
				GCC_WARN_UNUSED_VARIABLE = YES;
				IPHONEOS_DEPLOYMENT_TARGET = 11.4;
				MTL_ENABLE_DEBUG_INFO = YES;
				ONLY_ACTIVE_ARCH = YES;
				SDKROOT = iphoneos;
				SWIFT_ACTIVE_COMPILATION_CONDITIONS = DEBUG;
				SWIFT_OPTIMIZATION_LEVEL = "-Onone";
			};
			name = Debug;
		};
		F122D9C12133FCE4008B4A78 /* Release */ = {
			isa = XCBuildConfiguration;
			buildSettings = {
				ALWAYS_SEARCH_USER_PATHS = NO;
				CLANG_ANALYZER_NONNULL = YES;
				CLANG_ANALYZER_NUMBER_OBJECT_CONVERSION = YES_AGGRESSIVE;
				CLANG_CXX_LANGUAGE_STANDARD = "gnu++14";
				CLANG_CXX_LIBRARY = "libc++";
				CLANG_ENABLE_MODULES = YES;
				CLANG_ENABLE_OBJC_ARC = YES;
				CLANG_ENABLE_OBJC_WEAK = YES;
				CLANG_WARN_BLOCK_CAPTURE_AUTORELEASING = YES;
				CLANG_WARN_BOOL_CONVERSION = YES;
				CLANG_WARN_COMMA = YES;
				CLANG_WARN_CONSTANT_CONVERSION = YES;
				CLANG_WARN_DEPRECATED_OBJC_IMPLEMENTATIONS = YES;
				CLANG_WARN_DIRECT_OBJC_ISA_USAGE = YES_ERROR;
				CLANG_WARN_DOCUMENTATION_COMMENTS = YES;
				CLANG_WARN_EMPTY_BODY = YES;
				CLANG_WARN_ENUM_CONVERSION = YES;
				CLANG_WARN_INFINITE_RECURSION = YES;
				CLANG_WARN_INT_CONVERSION = YES;
				CLANG_WARN_NON_LITERAL_NULL_CONVERSION = YES;
				CLANG_WARN_OBJC_IMPLICIT_RETAIN_SELF = YES;
				CLANG_WARN_OBJC_LITERAL_CONVERSION = YES;
				CLANG_WARN_OBJC_ROOT_CLASS = YES_ERROR;
				CLANG_WARN_RANGE_LOOP_ANALYSIS = YES;
				CLANG_WARN_STRICT_PROTOTYPES = YES;
				CLANG_WARN_SUSPICIOUS_MOVE = YES;
				CLANG_WARN_UNGUARDED_AVAILABILITY = YES_AGGRESSIVE;
				CLANG_WARN_UNREACHABLE_CODE = YES;
				CLANG_WARN__DUPLICATE_METHOD_MATCH = YES;
				CODE_SIGN_IDENTITY = "iPhone Developer";
				COPY_PHASE_STRIP = NO;
				DEBUG_INFORMATION_FORMAT = "dwarf-with-dsym";
				ENABLE_NS_ASSERTIONS = NO;
				ENABLE_STRICT_OBJC_MSGSEND = YES;
				GCC_C_LANGUAGE_STANDARD = gnu11;
				GCC_NO_COMMON_BLOCKS = YES;
				GCC_WARN_64_TO_32_BIT_CONVERSION = YES;
				GCC_WARN_ABOUT_RETURN_TYPE = YES_ERROR;
				GCC_WARN_UNDECLARED_SELECTOR = YES;
				GCC_WARN_UNINITIALIZED_AUTOS = YES_AGGRESSIVE;
				GCC_WARN_UNUSED_FUNCTION = YES;
				GCC_WARN_UNUSED_VARIABLE = YES;
				IPHONEOS_DEPLOYMENT_TARGET = 11.4;
				MTL_ENABLE_DEBUG_INFO = NO;
				SDKROOT = iphoneos;
				SWIFT_COMPILATION_MODE = wholemodule;
				SWIFT_OPTIMIZATION_LEVEL = "-O";
				VALIDATE_PRODUCT = YES;
			};
			name = Release;
		};
		F122D9C32133FCE4008B4A78 /* Debug */ = {
			isa = XCBuildConfiguration;
			buildSettings = {
				ASSETCATALOG_COMPILER_COMPLICATION_NAME = Complication;
				CODE_SIGN_STYLE = Automatic;
				INFOPLIST_FILE = "Summon WatchKit Extension/Info.plist";
				LD_RUNPATH_SEARCH_PATHS = (
					"$(inherited)",
					"@executable_path/Frameworks",
					"@executable_path/../../Frameworks",
				);
				PRODUCT_BUNDLE_IDENTIFIER = codes.eon.Summon.watchkitapp.watchkitextension;
				PRODUCT_NAME = "${TARGET_NAME}";
				SDKROOT = watchos;
				SKIP_INSTALL = YES;
				SWIFT_VERSION = 4.0;
				TARGETED_DEVICE_FAMILY = 4;
				WATCHOS_DEPLOYMENT_TARGET = 4.3;
			};
			name = Debug;
		};
		F122D9C42133FCE4008B4A78 /* Release */ = {
			isa = XCBuildConfiguration;
			buildSettings = {
				ASSETCATALOG_COMPILER_COMPLICATION_NAME = Complication;
				CODE_SIGN_STYLE = Automatic;
				INFOPLIST_FILE = "Summon WatchKit Extension/Info.plist";
				LD_RUNPATH_SEARCH_PATHS = (
					"$(inherited)",
					"@executable_path/Frameworks",
					"@executable_path/../../Frameworks",
				);
				PRODUCT_BUNDLE_IDENTIFIER = codes.eon.Summon.watchkitapp.watchkitextension;
				PRODUCT_NAME = "${TARGET_NAME}";
				SDKROOT = watchos;
				SKIP_INSTALL = YES;
				SWIFT_VERSION = 4.0;
				TARGETED_DEVICE_FAMILY = 4;
				WATCHOS_DEPLOYMENT_TARGET = 4.3;
			};
			name = Release;
		};
		F122D9C72133FCE4008B4A78 /* Debug */ = {
			isa = XCBuildConfiguration;
			buildSettings = {
				ALWAYS_EMBED_SWIFT_STANDARD_LIBRARIES = YES;
				ASSETCATALOG_COMPILER_APPICON_NAME = AppIcon;
				CODE_SIGN_STYLE = Automatic;
				IBSC_MODULE = Summon_WatchKit_Extension;
				INFOPLIST_FILE = "Summon WatchKit App/Info.plist";
				PRODUCT_BUNDLE_IDENTIFIER = codes.eon.Summon.watchkitapp;
				PRODUCT_NAME = "$(TARGET_NAME)";
				SDKROOT = watchos;
				SKIP_INSTALL = YES;
				SWIFT_VERSION = 4.0;
				TARGETED_DEVICE_FAMILY = 4;
				WATCHOS_DEPLOYMENT_TARGET = 4.3;
			};
			name = Debug;
		};
		F122D9C82133FCE4008B4A78 /* Release */ = {
			isa = XCBuildConfiguration;
			buildSettings = {
				ALWAYS_EMBED_SWIFT_STANDARD_LIBRARIES = YES;
				ASSETCATALOG_COMPILER_APPICON_NAME = AppIcon;
				CODE_SIGN_STYLE = Automatic;
				IBSC_MODULE = Summon_WatchKit_Extension;
				INFOPLIST_FILE = "Summon WatchKit App/Info.plist";
				PRODUCT_BUNDLE_IDENTIFIER = codes.eon.Summon.watchkitapp;
				PRODUCT_NAME = "$(TARGET_NAME)";
				SDKROOT = watchos;
				SKIP_INSTALL = YES;
				SWIFT_VERSION = 4.0;
				TARGETED_DEVICE_FAMILY = 4;
				WATCHOS_DEPLOYMENT_TARGET = 4.3;
			};
			name = Release;
		};
		F122D9CB2133FCE4008B4A78 /* Debug */ = {
			isa = XCBuildConfiguration;
			buildSettings = {
				ASSETCATALOG_COMPILER_APPICON_NAME = AppIcon;
				CODE_SIGN_STYLE = Automatic;
				INFOPLIST_FILE = Summon/Info.plist;
				LD_RUNPATH_SEARCH_PATHS = (
					"$(inherited)",
					"@executable_path/Frameworks",
				);
				PRODUCT_BUNDLE_IDENTIFIER = codes.eon.Summon;
				PRODUCT_NAME = "$(TARGET_NAME)";
				SWIFT_VERSION = 4.0;
				TARGETED_DEVICE_FAMILY = "1,2";
			};
			name = Debug;
		};
		F122D9CC2133FCE4008B4A78 /* Release */ = {
			isa = XCBuildConfiguration;
			buildSettings = {
				ASSETCATALOG_COMPILER_APPICON_NAME = AppIcon;
				CODE_SIGN_STYLE = Automatic;
				INFOPLIST_FILE = Summon/Info.plist;
				LD_RUNPATH_SEARCH_PATHS = (
					"$(inherited)",
					"@executable_path/Frameworks",
				);
				PRODUCT_BUNDLE_IDENTIFIER = codes.eon.Summon;
				PRODUCT_NAME = "$(TARGET_NAME)";
				SWIFT_VERSION = 4.0;
				TARGETED_DEVICE_FAMILY = "1,2";
			};
			name = Release;
		};
/* End XCBuildConfiguration section */

/* Begin XCConfigurationList section */
		F122D98B2133FCE0008B4A78 /* Build configuration list for PBXProject "Summon" */ = {
			isa = XCConfigurationList;
			buildConfigurations = (
				F122D9C02133FCE4008B4A78 /* Debug */,
				F122D9C12133FCE4008B4A78 /* Release */,
			);
			defaultConfigurationIsVisible = 0;
			defaultConfigurationName = Release;
		};
		F122D9C22133FCE4008B4A78 /* Build configuration list for PBXNativeTarget "Summon WatchKit Extension" */ = {
			isa = XCConfigurationList;
			buildConfigurations = (
				F122D9C32133FCE4008B4A78 /* Debug */,
				F122D9C42133FCE4008B4A78 /* Release */,
			);
			defaultConfigurationIsVisible = 0;
			defaultConfigurationName = Release;
		};
		F122D9C62133FCE4008B4A78 /* Build configuration list for PBXNativeTarget "Summon WatchKit App" */ = {
			isa = XCConfigurationList;
			buildConfigurations = (
				F122D9C72133FCE4008B4A78 /* Debug */,
				F122D9C82133FCE4008B4A78 /* Release */,
			);
			defaultConfigurationIsVisible = 0;
			defaultConfigurationName = Release;
		};
		F122D9CA2133FCE4008B4A78 /* Build configuration list for PBXNativeTarget "Summon" */ = {
			isa = XCConfigurationList;
			buildConfigurations = (
				F122D9CB2133FCE4008B4A78 /* Debug */,
				F122D9CC2133FCE4008B4A78 /* Release */,
			);
			defaultConfigurationIsVisible = 0;
			defaultConfigurationName = Release;
		};
/* End XCConfigurationList section */
	};
	rootObject = F122D9882133FCE0008B4A78 /* Project object */;
}
