// !$*UTF8*$!
{
	archiveVersion = 1;
	classes = {
	};
	objectVersion = 50;
	objects = {

/* Begin PBXBuildFile section */
		F1114E21213443E8006C99BB /* AppDelegate.swift in Sources */ = {isa = PBXBuildFile; fileRef = F1114E20213443E8006C99BB /* AppDelegate.swift */; };
		F1114E23213443E8006C99BB /* ViewController.swift in Sources */ = {isa = PBXBuildFile; fileRef = F1114E22213443E8006C99BB /* ViewController.swift */; };
		F1114E26213443E8006C99BB /* Main.storyboard in Resources */ = {isa = PBXBuildFile; fileRef = F1114E24213443E8006C99BB /* Main.storyboard */; };
		F1114E28213443E8006C99BB /* Assets.xcassets in Resources */ = {isa = PBXBuildFile; fileRef = F1114E27213443E8006C99BB /* Assets.xcassets */; };
		F1114E2B213443E8006C99BB /* LaunchScreen.storyboard in Resources */ = {isa = PBXBuildFile; fileRef = F1114E29213443E8006C99BB /* LaunchScreen.storyboard */; };
		F1114E3B21347EBF006C99BB /* CustomButton.swift in Sources */ = {isa = PBXBuildFile; fileRef = F1114E3421347EBE006C99BB /* CustomButton.swift */; };
		F1114E3C21347EBF006C99BB /* ConstraintKind.swift in Sources */ = {isa = PBXBuildFile; fileRef = F1114E3621347EBE006C99BB /* ConstraintKind.swift */; };
		F1114E3D21347EBF006C99BB /* Alignment.swift in Sources */ = {isa = PBXBuildFile; fileRef = F1114E3721347EBE006C99BB /* Alignment.swift */; };
		F1114E3E21347EBF006C99BB /* Constraint.swift in Sources */ = {isa = PBXBuildFile; fileRef = F1114E3821347EBE006C99BB /* Constraint.swift */; };
		F1114E3F21347EBF006C99BB /* ActionButton.swift in Sources */ = {isa = PBXBuildFile; fileRef = F1114E3A21347EBF006C99BB /* ActionButton.swift */; };
		F1114E4121347FEA006C99BB /* SendButton.swift in Sources */ = {isa = PBXBuildFile; fileRef = F1114E4021347FEA006C99BB /* SendButton.swift */; };
		F1114E43213482AF006C99BB /* AcceptButton.swift in Sources */ = {isa = PBXBuildFile; fileRef = F1114E42213482AF006C99BB /* AcceptButton.swift */; };
		F1114E4521348590006C99BB /* DeclineButton.swift in Sources */ = {isa = PBXBuildFile; fileRef = F1114E4421348590006C99BB /* DeclineButton.swift */; };
		F1114E4721351C07006C99BB /* MainView.swift in Sources */ = {isa = PBXBuildFile; fileRef = F1114E4621351C07006C99BB /* MainView.swift */; };
		F1114E4A21353319006C99BB /* SendView.swift in Sources */ = {isa = PBXBuildFile; fileRef = F1114E4921353319006C99BB /* SendView.swift */; };
		F1114E4D21353C02006C99BB /* ResponseView.swift in Sources */ = {isa = PBXBuildFile; fileRef = F1114E4C21353C02006C99BB /* ResponseView.swift */; };
		F1114E4F21353DD8006C99BB /* DialogTextView.swift in Sources */ = {isa = PBXBuildFile; fileRef = F1114E4E21353DD8006C99BB /* DialogTextView.swift */; };
		F1114E522135BBC0006C99BB /* Service.swift in Sources */ = {isa = PBXBuildFile; fileRef = F1114E512135BBC0006C99BB /* Service.swift */; };
		F1114E542135BC7A006C99BB /* DummyService.swift in Sources */ = {isa = PBXBuildFile; fileRef = F1114E532135BC7A006C99BB /* DummyService.swift */; };
		F1114E5621366B9A006C99BB /* Service+Extension.swift in Sources */ = {isa = PBXBuildFile; fileRef = F1114E5521366B9A006C99BB /* Service+Extension.swift */; };
		F1114E5921368C93006C99BB /* ReceiveView.swift in Sources */ = {isa = PBXBuildFile; fileRef = F1114E5821368C93006C99BB /* ReceiveView.swift */; };
		F1114E5B21369397006C99BB /* ReceiveStepView.swift in Sources */ = {isa = PBXBuildFile; fileRef = F1114E5A21369397006C99BB /* ReceiveStepView.swift */; };
		F1114E5D2136A5AF006C99BB /* Nav.swift in Sources */ = {isa = PBXBuildFile; fileRef = F1114E5C2136A5AF006C99BB /* Nav.swift */; };
/* End PBXBuildFile section */

/* Begin PBXFileReference section */
		F1114E1D213443E8006C99BB /* Summon.app */ = {isa = PBXFileReference; explicitFileType = wrapper.application; includeInIndex = 0; path = Summon.app; sourceTree = BUILT_PRODUCTS_DIR; };
		F1114E20213443E8006C99BB /* AppDelegate.swift */ = {isa = PBXFileReference; lastKnownFileType = sourcecode.swift; path = AppDelegate.swift; sourceTree = "<group>"; };
		F1114E22213443E8006C99BB /* ViewController.swift */ = {isa = PBXFileReference; lastKnownFileType = sourcecode.swift; path = ViewController.swift; sourceTree = "<group>"; };
		F1114E25213443E8006C99BB /* Base */ = {isa = PBXFileReference; lastKnownFileType = file.storyboard; name = Base; path = Base.lproj/Main.storyboard; sourceTree = "<group>"; };
		F1114E27213443E8006C99BB /* Assets.xcassets */ = {isa = PBXFileReference; lastKnownFileType = folder.assetcatalog; path = Assets.xcassets; sourceTree = "<group>"; };
		F1114E2A213443E8006C99BB /* Base */ = {isa = PBXFileReference; lastKnownFileType = file.storyboard; name = Base; path = Base.lproj/LaunchScreen.storyboard; sourceTree = "<group>"; };
		F1114E2C213443E8006C99BB /* Info.plist */ = {isa = PBXFileReference; lastKnownFileType = text.plist.xml; path = Info.plist; sourceTree = "<group>"; };
		F1114E3421347EBE006C99BB /* CustomButton.swift */ = {isa = PBXFileReference; fileEncoding = 4; lastKnownFileType = sourcecode.swift; path = CustomButton.swift; sourceTree = "<group>"; };
		F1114E3621347EBE006C99BB /* ConstraintKind.swift */ = {isa = PBXFileReference; fileEncoding = 4; lastKnownFileType = sourcecode.swift; path = ConstraintKind.swift; sourceTree = "<group>"; };
		F1114E3721347EBE006C99BB /* Alignment.swift */ = {isa = PBXFileReference; fileEncoding = 4; lastKnownFileType = sourcecode.swift; path = Alignment.swift; sourceTree = "<group>"; };
		F1114E3821347EBE006C99BB /* Constraint.swift */ = {isa = PBXFileReference; fileEncoding = 4; lastKnownFileType = sourcecode.swift; path = Constraint.swift; sourceTree = "<group>"; };
		F1114E3A21347EBF006C99BB /* ActionButton.swift */ = {isa = PBXFileReference; fileEncoding = 4; lastKnownFileType = sourcecode.swift; path = ActionButton.swift; sourceTree = "<group>"; };
		F1114E4021347FEA006C99BB /* SendButton.swift */ = {isa = PBXFileReference; lastKnownFileType = sourcecode.swift; path = SendButton.swift; sourceTree = "<group>"; };
		F1114E42213482AF006C99BB /* AcceptButton.swift */ = {isa = PBXFileReference; lastKnownFileType = sourcecode.swift; path = AcceptButton.swift; sourceTree = "<group>"; };
		F1114E4421348590006C99BB /* DeclineButton.swift */ = {isa = PBXFileReference; lastKnownFileType = sourcecode.swift; path = DeclineButton.swift; sourceTree = "<group>"; };
		F1114E4621351C07006C99BB /* MainView.swift */ = {isa = PBXFileReference; lastKnownFileType = sourcecode.swift; path = MainView.swift; sourceTree = "<group>"; };
		F1114E4921353319006C99BB /* SendView.swift */ = {isa = PBXFileReference; lastKnownFileType = sourcecode.swift; path = SendView.swift; sourceTree = "<group>"; };
		F1114E4C21353C02006C99BB /* ResponseView.swift */ = {isa = PBXFileReference; lastKnownFileType = sourcecode.swift; path = ResponseView.swift; sourceTree = "<group>"; };
		F1114E4E21353DD8006C99BB /* DialogTextView.swift */ = {isa = PBXFileReference; lastKnownFileType = sourcecode.swift; path = DialogTextView.swift; sourceTree = "<group>"; };
		F1114E512135BBC0006C99BB /* Service.swift */ = {isa = PBXFileReference; lastKnownFileType = sourcecode.swift; path = Service.swift; sourceTree = "<group>"; };
		F1114E532135BC7A006C99BB /* DummyService.swift */ = {isa = PBXFileReference; lastKnownFileType = sourcecode.swift; path = DummyService.swift; sourceTree = "<group>"; };
		F1114E5521366B9A006C99BB /* Service+Extension.swift */ = {isa = PBXFileReference; lastKnownFileType = sourcecode.swift; path = "Service+Extension.swift"; sourceTree = "<group>"; };
		F1114E5821368C93006C99BB /* ReceiveView.swift */ = {isa = PBXFileReference; lastKnownFileType = sourcecode.swift; path = ReceiveView.swift; sourceTree = "<group>"; };
		F1114E5A21369397006C99BB /* ReceiveStepView.swift */ = {isa = PBXFileReference; lastKnownFileType = sourcecode.swift; path = ReceiveStepView.swift; sourceTree = "<group>"; };
		F1114E5C2136A5AF006C99BB /* Nav.swift */ = {isa = PBXFileReference; lastKnownFileType = sourcecode.swift; path = Nav.swift; sourceTree = "<group>"; };
/* End PBXFileReference section */

/* Begin PBXFrameworksBuildPhase section */
		F1114E1A213443E8006C99BB /* Frameworks */ = {
			isa = PBXFrameworksBuildPhase;
			buildActionMask = 2147483647;
			files = (
			);
			runOnlyForDeploymentPostprocessing = 0;
		};
/* End PBXFrameworksBuildPhase section */

/* Begin PBXGroup section */
		F1114E14213443E8006C99BB = {
			isa = PBXGroup;
			children = (
				F1114E1F213443E8006C99BB /* Summon */,
				F1114E1E213443E8006C99BB /* Products */,
			);
			sourceTree = "<group>";
		};
		F1114E1E213443E8006C99BB /* Products */ = {
			isa = PBXGroup;
			children = (
				F1114E1D213443E8006C99BB /* Summon.app */,
			);
			name = Products;
			sourceTree = "<group>";
		};
		F1114E1F213443E8006C99BB /* Summon */ = {
			isa = PBXGroup;
			children = (
				F1114E20213443E8006C99BB /* AppDelegate.swift */,
				F1114E3221347EBE006C99BB /* lib */,
				F1114E3921347EBF006C99BB /* view */,
				F1114E22213443E8006C99BB /* ViewController.swift */,
				F1114E5C2136A5AF006C99BB /* Nav.swift */,
				F1114E4621351C07006C99BB /* MainView.swift */,
				F1114E24213443E8006C99BB /* Main.storyboard */,
				F1114E27213443E8006C99BB /* Assets.xcassets */,
				F1114E29213443E8006C99BB /* LaunchScreen.storyboard */,
				F1114E2C213443E8006C99BB /* Info.plist */,
			);
			path = Summon;
			sourceTree = "<group>";
		};
		F1114E3221347EBE006C99BB /* lib */ = {
			isa = PBXGroup;
			children = (
				F1114E502135BBAD006C99BB /* service */,
				F1114E3321347EBE006C99BB /* third */,
			);
			path = lib;
			sourceTree = "<group>";
		};
		F1114E3321347EBE006C99BB /* third */ = {
			isa = PBXGroup;
			children = (
				F1114E3421347EBE006C99BB /* CustomButton.swift */,
				F1114E3521347EBE006C99BB /* alignment */,
			);
			path = third;
			sourceTree = "<group>";
		};
		F1114E3521347EBE006C99BB /* alignment */ = {
			isa = PBXGroup;
			children = (
				F1114E3621347EBE006C99BB /* ConstraintKind.swift */,
				F1114E3721347EBE006C99BB /* Alignment.swift */,
				F1114E3821347EBE006C99BB /* Constraint.swift */,
			);
			path = alignment;
			sourceTree = "<group>";
		};
		F1114E3921347EBF006C99BB /* view */ = {
			isa = PBXGroup;
			children = (
				F1114E5721368C69006C99BB /* receive */,
				F1114E48213532F6006C99BB /* send */,
				F1114E3A21347EBF006C99BB /* ActionButton.swift */,
				F1114E4021347FEA006C99BB /* SendButton.swift */,
				F1114E42213482AF006C99BB /* AcceptButton.swift */,
				F1114E4421348590006C99BB /* DeclineButton.swift */,
			);
			path = view;
			sourceTree = "<group>";
		};
		F1114E48213532F6006C99BB /* send */ = {
			isa = PBXGroup;
			children = (
				F1114E4921353319006C99BB /* SendView.swift */,
				F1114E4B21353BF1006C99BB /* response */,
			);
			path = send;
			sourceTree = "<group>";
		};
		F1114E4B21353BF1006C99BB /* response */ = {
			isa = PBXGroup;
			children = (
				F1114E4C21353C02006C99BB /* ResponseView.swift */,
				F1114E4E21353DD8006C99BB /* DialogTextView.swift */,
			);
			path = response;
			sourceTree = "<group>";
		};
		F1114E502135BBAD006C99BB /* service */ = {
			isa = PBXGroup;
			children = (
				F1114E512135BBC0006C99BB /* Service.swift */,
				F1114E5521366B9A006C99BB /* Service+Extension.swift */,
				F1114E532135BC7A006C99BB /* DummyService.swift */,
			);
			path = service;
			sourceTree = "<group>";
		};
		F1114E5721368C69006C99BB /* receive */ = {
			isa = PBXGroup;
			children = (
				F1114E5821368C93006C99BB /* ReceiveView.swift */,
				F1114E5A21369397006C99BB /* ReceiveStepView.swift */,
			);
			path = receive;
			sourceTree = "<group>";
		};
/* End PBXGroup section */

/* Begin PBXNativeTarget section */
		F1114E1C213443E8006C99BB /* Summon */ = {
			isa = PBXNativeTarget;
			buildConfigurationList = F1114E2F213443E8006C99BB /* Build configuration list for PBXNativeTarget "Summon" */;
			buildPhases = (
				F1114E19213443E8006C99BB /* Sources */,
				F1114E1A213443E8006C99BB /* Frameworks */,
				F1114E1B213443E8006C99BB /* Resources */,
			);
			buildRules = (
			);
			dependencies = (
			);
			name = Summon;
			productName = Summon;
			productReference = F1114E1D213443E8006C99BB /* Summon.app */;
			productType = "com.apple.product-type.application";
		};
/* End PBXNativeTarget section */

/* Begin PBXProject section */
		F1114E15213443E8006C99BB /* Project object */ = {
			isa = PBXProject;
			attributes = {
				LastSwiftUpdateCheck = 0940;
				LastUpgradeCheck = 0940;
				ORGANIZATIONNAME = eon;
				TargetAttributes = {
					F1114E1C213443E8006C99BB = {
						CreatedOnToolsVersion = 9.4.1;
					};
				};
			};
			buildConfigurationList = F1114E18213443E8006C99BB /* Build configuration list for PBXProject "Summon" */;
			compatibilityVersion = "Xcode 9.3";
			developmentRegion = en;
			hasScannedForEncodings = 0;
			knownRegions = (
				en,
				Base,
			);
			mainGroup = F1114E14213443E8006C99BB;
			productRefGroup = F1114E1E213443E8006C99BB /* Products */;
			projectDirPath = "";
			projectRoot = "";
			targets = (
				F1114E1C213443E8006C99BB /* Summon */,
			);
		};
/* End PBXProject section */

/* Begin PBXResourcesBuildPhase section */
		F1114E1B213443E8006C99BB /* Resources */ = {
			isa = PBXResourcesBuildPhase;
			buildActionMask = 2147483647;
			files = (
				F1114E2B213443E8006C99BB /* LaunchScreen.storyboard in Resources */,
				F1114E28213443E8006C99BB /* Assets.xcassets in Resources */,
				F1114E26213443E8006C99BB /* Main.storyboard in Resources */,
			);
			runOnlyForDeploymentPostprocessing = 0;
		};
/* End PBXResourcesBuildPhase section */

/* Begin PBXSourcesBuildPhase section */
		F1114E19213443E8006C99BB /* Sources */ = {
			isa = PBXSourcesBuildPhase;
			buildActionMask = 2147483647;
			files = (
				F1114E3E21347EBF006C99BB /* Constraint.swift in Sources */,
				F1114E4121347FEA006C99BB /* SendButton.swift in Sources */,
				F1114E522135BBC0006C99BB /* Service.swift in Sources */,
				F1114E4A21353319006C99BB /* SendView.swift in Sources */,
				F1114E5B21369397006C99BB /* ReceiveStepView.swift in Sources */,
				F1114E3D21347EBF006C99BB /* Alignment.swift in Sources */,
				F1114E23213443E8006C99BB /* ViewController.swift in Sources */,
				F1114E5921368C93006C99BB /* ReceiveView.swift in Sources */,
				F1114E43213482AF006C99BB /* AcceptButton.swift in Sources */,
				F1114E21213443E8006C99BB /* AppDelegate.swift in Sources */,
				F1114E3C21347EBF006C99BB /* ConstraintKind.swift in Sources */,
				F1114E5621366B9A006C99BB /* Service+Extension.swift in Sources */,
				F1114E4721351C07006C99BB /* MainView.swift in Sources */,
				F1114E542135BC7A006C99BB /* DummyService.swift in Sources */,
				F1114E3F21347EBF006C99BB /* ActionButton.swift in Sources */,
				F1114E4D21353C02006C99BB /* ResponseView.swift in Sources */,
				F1114E4F21353DD8006C99BB /* DialogTextView.swift in Sources */,
				F1114E5D2136A5AF006C99BB /* Nav.swift in Sources */,
				F1114E4521348590006C99BB /* DeclineButton.swift in Sources */,
				F1114E3B21347EBF006C99BB /* CustomButton.swift in Sources */,
			);
			runOnlyForDeploymentPostprocessing = 0;
		};
/* End PBXSourcesBuildPhase section */

/* Begin PBXVariantGroup section */
		F1114E24213443E8006C99BB /* Main.storyboard */ = {
			isa = PBXVariantGroup;
			children = (
				F1114E25213443E8006C99BB /* Base */,
			);
			name = Main.storyboard;
			sourceTree = "<group>";
		};
		F1114E29213443E8006C99BB /* LaunchScreen.storyboard */ = {
			isa = PBXVariantGroup;
			children = (
				F1114E2A213443E8006C99BB /* Base */,
			);
			name = LaunchScreen.storyboard;
			sourceTree = "<group>";
		};
/* End PBXVariantGroup section */

/* Begin XCBuildConfiguration section */
		F1114E2D213443E8006C99BB /* Debug */ = {
			isa = XCBuildConfiguration;
			buildSettings = {
				ALWAYS_SEARCH_USER_PATHS = NO;
				CLANG_ANALYZER_NONNULL = YES;
				CLANG_ANALYZER_NUMBER_OBJECT_CONVERSION = YES_AGGRESSIVE;
				CLANG_CXX_LANGUAGE_STANDARD = "gnu++14";
				CLANG_CXX_LIBRARY = "libc++";
				CLANG_ENABLE_MODULES = YES;
				CLANG_ENABLE_OBJC_ARC = YES;
				CLANG_ENABLE_OBJC_WEAK = YES;
				CLANG_WARN_BLOCK_CAPTURE_AUTORELEASING = YES;
				CLANG_WARN_BOOL_CONVERSION = YES;
				CLANG_WARN_COMMA = YES;
				CLANG_WARN_CONSTANT_CONVERSION = YES;
				CLANG_WARN_DEPRECATED_OBJC_IMPLEMENTATIONS = YES;
				CLANG_WARN_DIRECT_OBJC_ISA_USAGE = YES_ERROR;
				CLANG_WARN_DOCUMENTATION_COMMENTS = YES;
				CLANG_WARN_EMPTY_BODY = YES;
				CLANG_WARN_ENUM_CONVERSION = YES;
				CLANG_WARN_INFINITE_RECURSION = YES;
				CLANG_WARN_INT_CONVERSION = YES;
				CLANG_WARN_NON_LITERAL_NULL_CONVERSION = YES;
				CLANG_WARN_OBJC_IMPLICIT_RETAIN_SELF = YES;
				CLANG_WARN_OBJC_LITERAL_CONVERSION = YES;
				CLANG_WARN_OBJC_ROOT_CLASS = YES_ERROR;
				CLANG_WARN_RANGE_LOOP_ANALYSIS = YES;
				CLANG_WARN_STRICT_PROTOTYPES = YES;
				CLANG_WARN_SUSPICIOUS_MOVE = YES;
				CLANG_WARN_UNGUARDED_AVAILABILITY = YES_AGGRESSIVE;
				CLANG_WARN_UNREACHABLE_CODE = YES;
				CLANG_WARN__DUPLICATE_METHOD_MATCH = YES;
				CODE_SIGN_IDENTITY = "iPhone Developer";
				COPY_PHASE_STRIP = NO;
				DEBUG_INFORMATION_FORMAT = dwarf;
				ENABLE_STRICT_OBJC_MSGSEND = YES;
				ENABLE_TESTABILITY = YES;
				GCC_C_LANGUAGE_STANDARD = gnu11;
				GCC_DYNAMIC_NO_PIC = NO;
				GCC_NO_COMMON_BLOCKS = YES;
				GCC_OPTIMIZATION_LEVEL = 0;
				GCC_PREPROCESSOR_DEFINITIONS = (
					"DEBUG=1",
					"$(inherited)",
				);
				GCC_WARN_64_TO_32_BIT_CONVERSION = YES;
				GCC_WARN_ABOUT_RETURN_TYPE = YES_ERROR;
				GCC_WARN_UNDECLARED_SELECTOR = YES;
				GCC_WARN_UNINITIALIZED_AUTOS = YES_AGGRESSIVE;
				GCC_WARN_UNUSED_FUNCTION = YES;
				GCC_WARN_UNUSED_VARIABLE = YES;
				IPHONEOS_DEPLOYMENT_TARGET = 11.4;
				MTL_ENABLE_DEBUG_INFO = YES;
				ONLY_ACTIVE_ARCH = YES;
				SDKROOT = iphoneos;
				SWIFT_ACTIVE_COMPILATION_CONDITIONS = DEBUG;
				SWIFT_OPTIMIZATION_LEVEL = "-Onone";
			};
			name = Debug;
		};
		F1114E2E213443E8006C99BB /* Release */ = {
			isa = XCBuildConfiguration;
			buildSettings = {
				ALWAYS_SEARCH_USER_PATHS = NO;
				CLANG_ANALYZER_NONNULL = YES;
				CLANG_ANALYZER_NUMBER_OBJECT_CONVERSION = YES_AGGRESSIVE;
				CLANG_CXX_LANGUAGE_STANDARD = "gnu++14";
				CLANG_CXX_LIBRARY = "libc++";
				CLANG_ENABLE_MODULES = YES;
				CLANG_ENABLE_OBJC_ARC = YES;
				CLANG_ENABLE_OBJC_WEAK = YES;
				CLANG_WARN_BLOCK_CAPTURE_AUTORELEASING = YES;
				CLANG_WARN_BOOL_CONVERSION = YES;
				CLANG_WARN_COMMA = YES;
				CLANG_WARN_CONSTANT_CONVERSION = YES;
				CLANG_WARN_DEPRECATED_OBJC_IMPLEMENTATIONS = YES;
				CLANG_WARN_DIRECT_OBJC_ISA_USAGE = YES_ERROR;
				CLANG_WARN_DOCUMENTATION_COMMENTS = YES;
				CLANG_WARN_EMPTY_BODY = YES;
				CLANG_WARN_ENUM_CONVERSION = YES;
				CLANG_WARN_INFINITE_RECURSION = YES;
				CLANG_WARN_INT_CONVERSION = YES;
				CLANG_WARN_NON_LITERAL_NULL_CONVERSION = YES;
				CLANG_WARN_OBJC_IMPLICIT_RETAIN_SELF = YES;
				CLANG_WARN_OBJC_LITERAL_CONVERSION = YES;
				CLANG_WARN_OBJC_ROOT_CLASS = YES_ERROR;
				CLANG_WARN_RANGE_LOOP_ANALYSIS = YES;
				CLANG_WARN_STRICT_PROTOTYPES = YES;
				CLANG_WARN_SUSPICIOUS_MOVE = YES;
				CLANG_WARN_UNGUARDED_AVAILABILITY = YES_AGGRESSIVE;
				CLANG_WARN_UNREACHABLE_CODE = YES;
				CLANG_WARN__DUPLICATE_METHOD_MATCH = YES;
				CODE_SIGN_IDENTITY = "iPhone Developer";
				COPY_PHASE_STRIP = NO;
				DEBUG_INFORMATION_FORMAT = "dwarf-with-dsym";
				ENABLE_NS_ASSERTIONS = NO;
				ENABLE_STRICT_OBJC_MSGSEND = YES;
				GCC_C_LANGUAGE_STANDARD = gnu11;
				GCC_NO_COMMON_BLOCKS = YES;
				GCC_WARN_64_TO_32_BIT_CONVERSION = YES;
				GCC_WARN_ABOUT_RETURN_TYPE = YES_ERROR;
				GCC_WARN_UNDECLARED_SELECTOR = YES;
				GCC_WARN_UNINITIALIZED_AUTOS = YES_AGGRESSIVE;
				GCC_WARN_UNUSED_FUNCTION = YES;
				GCC_WARN_UNUSED_VARIABLE = YES;
				IPHONEOS_DEPLOYMENT_TARGET = 11.4;
				MTL_ENABLE_DEBUG_INFO = NO;
				SDKROOT = iphoneos;
				SWIFT_COMPILATION_MODE = wholemodule;
				SWIFT_OPTIMIZATION_LEVEL = "-O";
				VALIDATE_PRODUCT = YES;
			};
			name = Release;
		};
		F1114E30213443E8006C99BB /* Debug */ = {
			isa = XCBuildConfiguration;
			buildSettings = {
				ASSETCATALOG_COMPILER_APPICON_NAME = AppIcon;
				CODE_SIGN_STYLE = Automatic;
				INFOPLIST_FILE = Summon/Info.plist;
				LD_RUNPATH_SEARCH_PATHS = (
					"$(inherited)",
					"@executable_path/Frameworks",
				);
				PRODUCT_BUNDLE_IDENTIFIER = codes.eon.Summon;
				PRODUCT_NAME = "$(TARGET_NAME)";
				SWIFT_VERSION = 4.0;
				TARGETED_DEVICE_FAMILY = "1,2";
			};
			name = Debug;
		};
		F1114E31213443E8006C99BB /* Release */ = {
			isa = XCBuildConfiguration;
			buildSettings = {
				ASSETCATALOG_COMPILER_APPICON_NAME = AppIcon;
				CODE_SIGN_STYLE = Automatic;
				INFOPLIST_FILE = Summon/Info.plist;
				LD_RUNPATH_SEARCH_PATHS = (
					"$(inherited)",
					"@executable_path/Frameworks",
				);
				PRODUCT_BUNDLE_IDENTIFIER = codes.eon.Summon;
				PRODUCT_NAME = "$(TARGET_NAME)";
				SWIFT_VERSION = 4.0;
				TARGETED_DEVICE_FAMILY = "1,2";
			};
			name = Release;
		};
/* End XCBuildConfiguration section */

/* Begin XCConfigurationList section */
		F1114E18213443E8006C99BB /* Build configuration list for PBXProject "Summon" */ = {
			isa = XCConfigurationList;
			buildConfigurations = (
				F1114E2D213443E8006C99BB /* Debug */,
				F1114E2E213443E8006C99BB /* Release */,
			);
			defaultConfigurationIsVisible = 0;
			defaultConfigurationName = Release;
		};
		F1114E2F213443E8006C99BB /* Build configuration list for PBXNativeTarget "Summon" */ = {
			isa = XCConfigurationList;
			buildConfigurations = (
				F1114E30213443E8006C99BB /* Debug */,
				F1114E31213443E8006C99BB /* Release */,
			);
			defaultConfigurationIsVisible = 0;
			defaultConfigurationName = Release;
		};
/* End XCConfigurationList section */
	};
	rootObject = F1114E15213443E8006C99BB /* Project object */;
}
